# THIS IS AN AUTOGENERATED FILE. DO NOT EDIT THIS FILE DIRECTLY.
# yarn lockfile v1


"@cspotcode/source-map-consumer@0.8.0":
  version "0.8.0"
  resolved "https://registry.yarnpkg.com/@cspotcode/source-map-consumer/-/source-map-consumer-0.8.0.tgz#33bf4b7b39c178821606f669bbc447a6a629786b"
  integrity sha512-41qniHzTU8yAGbCp04ohlmSrZf8bkf/iJsl3V0dRGsQN/5GFfx+LbCSsCpp2gqrqjTVg/K6O8ycoV35JIwAzAg==

"@cspotcode/source-map-support@0.7.0":
  version "0.7.0"
  resolved "https://registry.yarnpkg.com/@cspotcode/source-map-support/-/source-map-support-0.7.0.tgz#4789840aa859e46d2f3173727ab707c66bf344f5"
  integrity sha512-X4xqRHqN8ACt2aHVe51OxeA2HjbcL4MqFqXkrmQszJ1NOUuUu5u6Vqx/0lZSVNku7velL5FC/s5uEAj1lsBMhA==
  dependencies:
    "@cspotcode/source-map-consumer" "0.8.0"

"@envelop/core@1.6.2", "@envelop/core@^1.6.1":
  version "1.6.2"
  resolved "https://registry.yarnpkg.com/@envelop/core/-/core-1.6.2.tgz#03e80b01cd0faaca0e1d0a406a14d6693c6dbd84"
  integrity sha512-otrNSlMgR0e8xG2tHI5Lcsg4YWKdUngRBn/dhxzTK2KFOOQa4mEfQI5k3/hESFlC8WFbP2pvNmegPjxa7aK4eA==
  dependencies:
    "@envelop/types" "1.5.1"

"@envelop/types@1.5.1", "@envelop/types@^1.5.1":
  version "1.5.1"
  resolved "https://registry.yarnpkg.com/@envelop/types/-/types-1.5.1.tgz#8a47ca9f6e78b40b176dac0dea6c5045f92c644d"
  integrity sha512-NrwLVzyNqiSzgRRqOxkU2IgRc5hSGS73VsgxqchU3jl36rYo7AXVAnITkytmB9wk+jN2vUOVvayLkaTXooARwg==

"@graphql-ez/koa@0.8.8":
  version "0.8.8"
  resolved "https://registry.yarnpkg.com/@graphql-ez/koa/-/koa-0.8.8.tgz#3dfb68e4b48e1372060a380fd53c78556172384a"
  integrity sha512-9mCl7mSNh01chzqLO6q5KSJ9oGnjYL//y0rCVo1qV70jG7FeGTielt2d2bejsFz2nxKeNz9SujL24Jx7z66wSw==
  dependencies:
    "@koa/cors" "^3.1.0"
    "@types/koa-bodyparser" "^4.3.4"
    "@types/koa__cors" "^3.0.3"
    koa-bodyparser "^4.3.0"

"@graphql-ez/plugin-graphiql@0.11.0":
  version "0.11.0"
  resolved "https://registry.yarnpkg.com/@graphql-ez/plugin-graphiql/-/plugin-graphiql-0.11.0.tgz#db84aa6ed3985e7c1d7bc405ec99919e760c2fc1"
  integrity sha512-2KZFA1OnHFz2IB0vsOXVwumpKXgtNO6FftQ1YxEW2rDPhRO3JQWeCGt6JZ3WYcwjl247t3aIv9E5ELETT3LBXw==
  dependencies:
    "@graphql-ez/utils" "^0.1.2"
    "@pablosz/graphql-helix-graphiql" "^4.2.0"

"@graphql-ez/utils@^0.1.2":
  version "0.1.2"
  resolved "https://registry.yarnpkg.com/@graphql-ez/utils/-/utils-0.1.2.tgz#f607de5ddf154a6696211e10a7c869fbad5191e6"
  integrity sha512-kxmKVZYkp2zUEIGLblUrFYxWKPMKWZKaa2CG3AReImFyO5RtOYCCAveyCetY7k6FnbyrSDqSgiJRRpEmdujsGw==

"@koa/cors@^3.1.0":
  version "3.1.0"
  resolved "https://registry.yarnpkg.com/@koa/cors/-/cors-3.1.0.tgz#618bb073438cfdbd3ebd0e648a76e33b84f3a3b2"
  integrity sha512-7ulRC1da/rBa6kj6P4g2aJfnET3z8Uf3SWu60cjbtxTA5g8lxRdX/Bd2P92EagGwwAhANeNw8T8if99rJliR6Q==
  dependencies:
    vary "^1.1.2"

"@koa/router@10.1.1":
  version "10.1.1"
  resolved "https://registry.yarnpkg.com/@koa/router/-/router-10.1.1.tgz#8e5a85c9b243e0bc776802c0de564561e57a5f78"
  integrity sha512-ORNjq5z4EmQPriKbR0ER3k4Gh7YGNhWDL7JBW+8wXDrHLbWYKYSJaOJ9aN06npF5tbTxe2JBOsurpJDAvjiXKw==
  dependencies:
    debug "^4.1.1"
    http-errors "^1.7.3"
    koa-compose "^4.1.0"
    methods "^1.1.2"
    path-to-regexp "^6.1.0"

"@n1ru4l/graphql-public-schema-filter@link:../dist":
  version "0.0.0"

"@pablosz/graphql-helix-graphiql@^4.2.0":
  version "4.2.0"
  resolved "https://registry.yarnpkg.com/@pablosz/graphql-helix-graphiql/-/graphql-helix-graphiql-4.2.0.tgz#64c9b0282adc6196ec47aad79be4ff7b4db06cfd"
  integrity sha512-hxkBfIT/0fwJDHu/PG532ln6oU9MFRk+69wtHtlKT7vDSWxaxjc3RJbhFaFg0x7w1ShLsWPzqfo/rqJPd1cV0g==
  dependencies:
    "@graphql-ez/utils" "^0.1.2"

"@pablosz/graphql-helix@^2.0.3":
  version "2.0.3"
  resolved "https://registry.yarnpkg.com/@pablosz/graphql-helix/-/graphql-helix-2.0.3.tgz#4a16004a1ec1ac824b33d8a69797028e8969b11f"
  integrity sha512-+uZMo0whkR0WbG3OJEgsrpgI8yH8iFhROysptXvxEOXUuptAcd3i0Dqi2fzcy32Qgg7WPS9G/yQkIsgMB6vFOQ==

"@tsconfig/node10@^1.0.7":
  version "1.0.8"
  resolved "https://registry.yarnpkg.com/@tsconfig/node10/-/node10-1.0.8.tgz#c1e4e80d6f964fbecb3359c43bd48b40f7cadad9"
  integrity sha512-6XFfSQmMgq0CFLY1MslA/CPUfhIL919M1rMsa5lP2P097N2Wd1sSX0tx1u4olM16fLNhtHZpRhedZJphNJqmZg==

"@tsconfig/node12@^1.0.7":
  version "1.0.9"
  resolved "https://registry.yarnpkg.com/@tsconfig/node12/-/node12-1.0.9.tgz#62c1f6dee2ebd9aead80dc3afa56810e58e1a04c"
  integrity sha512-/yBMcem+fbvhSREH+s14YJi18sp7J9jpuhYByADT2rypfajMZZN4WQ6zBGgBKp53NKmqI36wFYDb3yaMPurITw==

"@tsconfig/node14@^1.0.0":
  version "1.0.1"
  resolved "https://registry.yarnpkg.com/@tsconfig/node14/-/node14-1.0.1.tgz#95f2d167ffb9b8d2068b0b235302fafd4df711f2"
  integrity sha512-509r2+yARFfHHE7T6Puu2jjkoycftovhXRqW328PDXTVGKihlb1P8Z9mMZH04ebyajfRY7dedfGynlrFHJUQCg==

"@tsconfig/node16@^1.0.2":
  version "1.0.2"
  resolved "https://registry.yarnpkg.com/@tsconfig/node16/-/node16-1.0.2.tgz#423c77877d0569db20e1fc80885ac4118314010e"
  integrity sha512-eZxlbI8GZscaGS7kkc/trHTT5xgrjH3/1n2JDwusC9iahPKWMRvRjJSAN5mCXviuTGQ/lHnhvv8Q1YTpnfz9gA==

"@types/accepts@*":
  version "1.3.5"
  resolved "https://registry.yarnpkg.com/@types/accepts/-/accepts-1.3.5.tgz#c34bec115cfc746e04fe5a059df4ce7e7b391575"
  integrity sha512-jOdnI/3qTpHABjM5cx1Hc0sKsPoYCp+DP/GJRGtDlPd7fiV9oXGGIcjW/ZOxLIvjGz8MA+uMZI9metHlgqbgwQ==
  dependencies:
    "@types/node" "*"

"@types/body-parser@*":
  version "1.19.1"
  resolved "https://registry.yarnpkg.com/@types/body-parser/-/body-parser-1.19.1.tgz#0c0174c42a7d017b818303d4b5d969cb0b75929c"
  integrity sha512-a6bTJ21vFOGIkwM0kzh9Yr89ziVxq4vYH2fQ6N8AeipEzai/cFK6aGMArIkUeIdRIgpwQa+2bXiLuUJCpSf2Cg==
  dependencies:
    "@types/connect" "*"
    "@types/node" "*"

"@types/connect@*":
  version "3.4.35"
  resolved "https://registry.yarnpkg.com/@types/connect/-/connect-3.4.35.tgz#5fcf6ae445e4021d1fc2219a4873cc73a3bb2ad1"
  integrity sha512-cdeYyv4KWoEgpBISTxWvqYsVy444DOqehiF3fM3ne10AmJ62RSyNkUnxMJXHQWRQQX2eR94m5y1IZyDwBjV9FQ==
  dependencies:
    "@types/node" "*"

"@types/content-disposition@*":
  version "0.5.4"
  resolved "https://registry.yarnpkg.com/@types/content-disposition/-/content-disposition-0.5.4.tgz#de48cf01c79c9f1560bcfd8ae43217ab028657f8"
  integrity sha512-0mPF08jn9zYI0n0Q/Pnz7C4kThdSt+6LD4amsrYDDpgBfrVWa3TcCOxKX1zkGgYniGagRv8heN2cbh+CAn+uuQ==

"@types/cookies@*":
  version "0.7.7"
  resolved "https://registry.yarnpkg.com/@types/cookies/-/cookies-0.7.7.tgz#7a92453d1d16389c05a5301eef566f34946cfd81"
  integrity sha512-h7BcvPUogWbKCzBR2lY4oqaZbO3jXZksexYJVFvkrFeLgbZjQkU4x8pRq6eg2MHXQhY0McQdqmmsxRWlVAHooA==
  dependencies:
    "@types/connect" "*"
    "@types/express" "*"
    "@types/keygrip" "*"
    "@types/node" "*"

"@types/express-serve-static-core@^4.17.18":
  version "4.17.24"
  resolved "https://registry.yarnpkg.com/@types/express-serve-static-core/-/express-serve-static-core-4.17.24.tgz#ea41f93bf7e0d59cd5a76665068ed6aab6815c07"
  integrity sha512-3UJuW+Qxhzwjq3xhwXm2onQcFHn76frIYVbTu+kn24LFxI+dEhdfISDFovPB8VpEgW8oQCTpRuCe+0zJxB7NEA==
  dependencies:
    "@types/node" "*"
    "@types/qs" "*"
    "@types/range-parser" "*"

"@types/express@*":
  version "4.17.13"
  resolved "https://registry.yarnpkg.com/@types/express/-/express-4.17.13.tgz#a76e2995728999bab51a33fabce1d705a3709034"
  integrity sha512-6bSZTPaTIACxn48l50SR+axgrqm6qXFIxrdAKaG6PaJk3+zuUr35hBlgT7vOmJcum+OEaIBLtHV/qloEAFITeA==
  dependencies:
    "@types/body-parser" "*"
    "@types/express-serve-static-core" "^4.17.18"
    "@types/qs" "*"
    "@types/serve-static" "*"

"@types/http-assert@*":
  version "1.5.1"
  resolved "https://registry.yarnpkg.com/@types/http-assert/-/http-assert-1.5.1.tgz#d775e93630c2469c2f980fc27e3143240335db3b"
  integrity sha512-PGAK759pxyfXE78NbKxyfRcWYA/KwW17X290cNev/qAsn9eQIxkH4shoNBafH37wewhDG/0p1cHPbK6+SzZjWQ==

"@types/http-errors@*":
  version "1.8.1"
  resolved "https://registry.yarnpkg.com/@types/http-errors/-/http-errors-1.8.1.tgz#e81ad28a60bee0328c6d2384e029aec626f1ae67"
  integrity sha512-e+2rjEwK6KDaNOm5Aa9wNGgyS9oSZU/4pfSMMPYNOfjvFI0WVXm29+ITRFr6aKDvvKo7uU1jV68MW4ScsfDi7Q==

"@types/keygrip@*":
  version "1.0.2"
  resolved "https://registry.yarnpkg.com/@types/keygrip/-/keygrip-1.0.2.tgz#513abfd256d7ad0bf1ee1873606317b33b1b2a72"
  integrity sha512-GJhpTepz2udxGexqos8wgaBx4I/zWIDPh/KOGEwAqtuGDkOUJu5eFvwmdBX4AmB8Odsr+9pHCQqiAqDL/yKMKw==

"@types/koa-bodyparser@^4.3.4":
  version "4.3.4"
  resolved "https://registry.yarnpkg.com/@types/koa-bodyparser/-/koa-bodyparser-4.3.4.tgz#86aca8ba2ac5896f84386f52cf02eb06563e2539"
  integrity sha512-eNyHGkIxwJKYaZhyxzAVP3taZVWNgAw+Gzl1Zc9vdkfzoBjypTANLwOAb6tC2hGOXS5uw4O08N6jaL6MdrltqQ==
  dependencies:
    "@types/koa" "*"

"@types/koa-compose@*":
  version "3.2.5"
  resolved "https://registry.yarnpkg.com/@types/koa-compose/-/koa-compose-3.2.5.tgz#85eb2e80ac50be95f37ccf8c407c09bbe3468e9d"
  integrity sha512-B8nG/OoE1ORZqCkBVsup/AKcvjdgoHnfi4pZMn5UwAPCbhk/96xyv284eBYW8JlQbQ7zDmnpFr68I/40mFoIBQ==
  dependencies:
    "@types/koa" "*"

"@types/koa@*", "@types/koa@2.13.4":
  version "2.13.4"
  resolved "https://registry.yarnpkg.com/@types/koa/-/koa-2.13.4.tgz#10620b3f24a8027ef5cbae88b393d1b31205726b"
  integrity sha512-dfHYMfU+z/vKtQB7NUrthdAEiSvnLebvBjwHtfFmpZmB7em2N3WVQdHgnFq+xvyVgxW5jKDmjWfLD3lw4g4uTw==
  dependencies:
    "@types/accepts" "*"
    "@types/content-disposition" "*"
    "@types/cookies" "*"
    "@types/http-assert" "*"
    "@types/http-errors" "*"
    "@types/keygrip" "*"
    "@types/koa-compose" "*"
    "@types/node" "*"

"@types/koa__cors@^3.0.3":
  version "3.0.3"
  resolved "https://registry.yarnpkg.com/@types/koa__cors/-/koa__cors-3.0.3.tgz#49d75813b443ba3d4da28ea6cf6244b7e99a3b23"
  integrity sha512-74Xb4hJOPGKlrQ4PRBk1A/p0gfLpgbnpT0o67OMVbwyeMXvlBN+ZCRztAAmkKZs+8hKbgMutUlZVbA52Hr/0IA==
  dependencies:
    "@types/koa" "*"

"@types/koa__router@8.0.10":
  version "8.0.10"
  resolved "https://registry.yarnpkg.com/@types/koa__router/-/koa__router-8.0.10.tgz#c1cb8b1c16f41a9c4ae7fdafa90db5af8c20cd81"
  integrity sha512-drOKcq4CRwxMAnenf0nC7EirmhDsGwAcVFrYu1UexnDGTO+eOxkICUxgQ7azapQglxp15iLiFFumjV7Mt6Bsjg==
  dependencies:
    "@types/koa" "*"

"@types/mime@^1":
  version "1.3.2"
  resolved "https://registry.yarnpkg.com/@types/mime/-/mime-1.3.2.tgz#93e25bf9ee75fe0fd80b594bc4feb0e862111b5a"
  integrity sha512-YATxVxgRqNH6nHEIsvg6k2Boc1JHI9ZbH5iWFFv/MTkchz3b1ieGDa5T0a9RznNdI0KhVbdbWSN+KWWrQZRxTw==

"@types/node@*", "@types/node@16.11.9":
  version "16.11.9"
  resolved "https://registry.yarnpkg.com/@types/node/-/node-16.11.9.tgz#879be3ad7af29f4c1a5c433421bf99fab7047185"
  integrity sha512-MKmdASMf3LtPzwLyRrFjtFFZ48cMf8jmX5VRYrDQiJa8Ybu5VAmkqBWqKU8fdCwD8ysw4mQ9nrEHvzg6gunR7A==

"@types/qs@*":
  version "6.9.7"
  resolved "https://registry.yarnpkg.com/@types/qs/-/qs-6.9.7.tgz#63bb7d067db107cc1e457c303bc25d511febf6cb"
  integrity sha512-FGa1F62FT09qcrueBA6qYTrJPVDzah9a+493+o2PCXsesWHIn27G98TsSMs3WPNbZIEj4+VJf6saSFpvD+3Zsw==

"@types/range-parser@*":
  version "1.2.4"
  resolved "https://registry.yarnpkg.com/@types/range-parser/-/range-parser-1.2.4.tgz#cd667bcfdd025213aafb7ca5915a932590acdcdc"
  integrity sha512-EEhsLsD6UsDM1yFhAvy0Cjr6VwmpMWqFBCb9w07wVugF7w9nfajxLuVmngTIpgS6svCnm6Vaw+MZhoDCKnOfsw==

"@types/serve-static@*":
  version "1.13.10"
  resolved "https://registry.yarnpkg.com/@types/serve-static/-/serve-static-1.13.10.tgz#f5e0ce8797d2d7cc5ebeda48a52c96c4fa47a8d9"
  integrity sha512-nCkHGI4w7ZgAdNkrEu0bv+4xNV/XDqW+DydknebMOQwkpDGx8G+HTlj7R7ABI8i8nKxVw0wtKPi1D+lPOkh4YQ==
  dependencies:
    "@types/mime" "^1"
    "@types/node" "*"

accepts@^1.3.5:
  version "1.3.7"
  resolved "https://registry.yarnpkg.com/accepts/-/accepts-1.3.7.tgz#531bc726517a3b2b41f850021c6cc15eaab507cd"
  integrity sha512-Il80Qs2WjYlJIBNzNkK6KYqlVMTbZLXgHx2oT0pU/fjRHyEp+PEfEPY0R3WCwAGVOtauxh1hOxNgIf5bv7dQpA==
  dependencies:
    mime-types "~2.1.24"
    negotiator "0.6.2"

acorn-walk@^8.1.1:
  version "8.1.1"
  resolved "https://registry.yarnpkg.com/acorn-walk/-/acorn-walk-8.1.1.tgz#3ddab7f84e4a7e2313f6c414c5b7dac85f4e3ebc"
  integrity sha512-FbJdceMlPHEAWJOILDk1fXD8lnTlEIWFkqtfk+MvmL5q/qlHfN7GEHcsFZWt/Tea9jRNPWUZG4G976nqAAmU9w==

acorn@^8.4.1:
  version "8.4.1"
  resolved "https://registry.yarnpkg.com/acorn/-/acorn-8.4.1.tgz#56c36251fc7cabc7096adc18f05afe814321a28c"
  integrity sha512-asabaBSkEKosYKMITunzX177CXxQ4Q8BSSzMTKD+FefUhipQC70gfW5SiUDhYQ3vk8G+81HqQk7Fv9OXwwn9KA==

arg@^4.1.0:
  version "4.1.3"
  resolved "https://registry.yarnpkg.com/arg/-/arg-4.1.3.tgz#269fc7ad5b8e42cb63c896d5666017261c144089"
  integrity sha512-58S9QDqG0Xx27YwPSt9fJxivjYl432YCwfDMfZ+71RAqUrZef7LrKQZ3LHLOwCS4FLNBplP533Zx895SeOCHvA==

bytes@3.1.0:
  version "3.1.0"
  resolved "https://registry.yarnpkg.com/bytes/-/bytes-3.1.0.tgz#f6cf7933a360e0588fa9fde85651cdc7f805d1f6"
  integrity sha512-zauLjrfCG+xvoyaqLoV8bLVXXNGC4JqlxFCutSDWA6fJrTo2ZuvLYTqZ7aHBLZSMOopbzwv8f+wZcVzfVTI2Dg==

cache-content-type@^1.0.0:
  version "1.0.1"
  resolved "https://registry.yarnpkg.com/cache-content-type/-/cache-content-type-1.0.1.tgz#035cde2b08ee2129f4a8315ea8f00a00dba1453c"
  integrity sha512-IKufZ1o4Ut42YUrZSo8+qnMTrFuKkvyoLXUywKz9GJ5BrhOFGhLdkx9sG4KAnVvbY6kEcSFjLQul+DVmBm2bgA==
  dependencies:
    mime-types "^2.1.18"
    ylru "^1.2.0"

call-bind@^1.0.0:
  version "1.0.2"
  resolved "https://registry.yarnpkg.com/call-bind/-/call-bind-1.0.2.tgz#b1d4e89e688119c3c9a903ad30abb2f6a919be3c"
  integrity sha512-7O+FbCihrB5WGbFYesctwmTKae6rOiIzmz1icreWJ+0aA7LJfuqhEso2T9ncpcFtzMQtzXf2QGGueWJGTYsqrA==
  dependencies:
    function-bind "^1.1.1"
    get-intrinsic "^1.0.2"

co-body@^6.0.0:
  version "6.1.0"
  resolved "https://registry.yarnpkg.com/co-body/-/co-body-6.1.0.tgz#d87a8efc3564f9bfe3aced8ef5cd04c7a8766547"
  integrity sha512-m7pOT6CdLN7FuXUcpuz/8lfQ/L77x8SchHCF4G0RBTJO20Wzmhn5Sp4/5WsKy8OSpifBSUrmg83qEqaDHdyFuQ==
  dependencies:
    inflation "^2.0.0"
    qs "^6.5.2"
    raw-body "^2.3.3"
    type-is "^1.6.16"

co@^4.6.0:
  version "4.6.0"
  resolved "https://registry.yarnpkg.com/co/-/co-4.6.0.tgz#6ea6bdf3d853ae54ccb8e47bfa0bf3f9031fb184"
  integrity sha1-bqa989hTrlTMuOR7+gvz+QMfsYQ=

content-disposition@~0.5.2:
  version "0.5.3"
  resolved "https://registry.yarnpkg.com/content-disposition/-/content-disposition-0.5.3.tgz#e130caf7e7279087c5616c2007d0485698984fbd"
  integrity sha512-ExO0774ikEObIAEV9kDo50o+79VCUdEB6n6lzKgGwupcVeRlhrj3qGAfwq8G6uBJjkqLrhT0qEYFcWng8z1z0g==
  dependencies:
    safe-buffer "5.1.2"

content-type@^1.0.4:
  version "1.0.4"
  resolved "https://registry.yarnpkg.com/content-type/-/content-type-1.0.4.tgz#e138cc75e040c727b1966fe5e5f8c9aee256fe3b"
  integrity sha512-hIP3EEPs8tB9AT1L+NUqtwOAps4mk2Zob89MWXMHjHWg9milF/j4osnnQLXBCBFBk/tvIG/tUc9mOUJiPBhPXA==

cookies@~0.8.0:
  version "0.8.0"
  resolved "https://registry.yarnpkg.com/cookies/-/cookies-0.8.0.tgz#1293ce4b391740a8406e3c9870e828c4b54f3f90"
  integrity sha512-8aPsApQfebXnuI+537McwYsDtjVxGm8gTIzQI3FDW6t5t/DAhERxtnbEPN/8RX+uZthoz4eCOgloXaE5cYyNow==
  dependencies:
    depd "~2.0.0"
    keygrip "~1.1.0"

copy-to@^2.0.1:
  version "2.0.1"
  resolved "https://registry.yarnpkg.com/copy-to/-/copy-to-2.0.1.tgz#2680fbb8068a48d08656b6098092bdafc906f4a5"
  integrity sha1-JoD7uAaKSNCGVrYJgJK9r8kG9KU=

create-require@^1.1.0:
  version "1.1.1"
  resolved "https://registry.yarnpkg.com/create-require/-/create-require-1.1.1.tgz#c1d7e8f1e5f6cfc9ff65f9cd352d37348756c333"
  integrity sha512-dcKFX3jn0MpIaXjisoRvexIJVEKzaq7z2rZKxf+MSr9TkdmHmsU4m2lcLojrj/FHl8mk5VxMmYA+ftRkP/3oKQ==

debug@^4.1.1, debug@^4.3.2:
  version "4.3.2"
  resolved "https://registry.yarnpkg.com/debug/-/debug-4.3.2.tgz#f0a49c18ac8779e31d4a0c6029dfb76873c7428b"
  integrity sha512-mOp8wKcvj7XxC78zLgw/ZA+6TSgkoE2C/ienthhRD298T7UNwAg9diBpLRxC0mOezLl4B0xV7M0cCO6P/O0Xhw==
  dependencies:
    ms "2.1.2"

deep-equal@~1.0.1:
  version "1.0.1"
  resolved "https://registry.yarnpkg.com/deep-equal/-/deep-equal-1.0.1.tgz#f5d260292b660e084eff4cdbc9f08ad3247448b5"
  integrity sha1-9dJgKStmDghO/0zbyfCK0yR0SLU=

delegates@^1.0.0:
  version "1.0.0"
  resolved "https://registry.yarnpkg.com/delegates/-/delegates-1.0.0.tgz#84c6e159b81904fdca59a0ef44cd870d31250f9a"
  integrity sha1-hMbhWbgZBP3KWaDvRM2HDTElD5o=

depd@^2.0.0, depd@~2.0.0:
  version "2.0.0"
  resolved "https://registry.yarnpkg.com/depd/-/depd-2.0.0.tgz#b696163cc757560d09cf22cc8fad1571b79e76df"
  integrity sha512-g7nH6P6dyDioJogAAGprGpCtVImJhpPk/roCzdb3fIh61/s/nPsfR6onyMwkCAR/OlC3yBC0lESvUoQEAssIrw==

depd@~1.1.2:
  version "1.1.2"
  resolved "https://registry.yarnpkg.com/depd/-/depd-1.1.2.tgz#9bcd52e14c097763e749b274c4346ed2e560b5a9"
  integrity sha1-m81S4UwJd2PnSbJ0xDRu0uVgtak=

destroy@^1.0.4:
  version "1.0.4"
  resolved "https://registry.yarnpkg.com/destroy/-/destroy-1.0.4.tgz#978857442c44749e4206613e37946205826abd80"
  integrity sha1-l4hXRCxEdJ5CBmE+N5RiBYJqvYA=

diff@^4.0.1:
  version "4.0.2"
  resolved "https://registry.yarnpkg.com/diff/-/diff-4.0.2.tgz#60f3aecb89d5fae520c11aa19efc2bb982aade7d"
  integrity sha512-58lmxKSA4BNyLz+HHMUzlOEpg09FV+ev6ZMe3vJihgdxzgcwZ8VoEEPmALCZG9LmqfVoNMMKpttIYTVG6uDY7A==

ee-first@1.1.1:
  version "1.1.1"
  resolved "https://registry.yarnpkg.com/ee-first/-/ee-first-1.1.1.tgz#590c61156b0ae2f4f0255732a158b266bc56b21d"
  integrity sha1-WQxhFWsK4vTwJVcyoViyZrxWsh0=

encodeurl@^1.0.2:
  version "1.0.2"
  resolved "https://registry.yarnpkg.com/encodeurl/-/encodeurl-1.0.2.tgz#ad3ff4c86ec2d029322f5a02c3a9a606c95b3f59"
  integrity sha1-rT/0yG7C0CkyL1oCw6mmBslbP1k=

escape-html@^1.0.3:
  version "1.0.3"
  resolved "https://registry.yarnpkg.com/escape-html/-/escape-html-1.0.3.tgz#0258eae4d3d0c0974de1c169188ef0051d1d1988"
  integrity sha1-Aljq5NPQwJdN4cFpGI7wBR0dGYg=

fresh@~0.5.2:
  version "0.5.2"
  resolved "https://registry.yarnpkg.com/fresh/-/fresh-0.5.2.tgz#3d8cadd90d976569fa835ab1f8e4b23a105605a7"
  integrity sha1-PYyt2Q2XZWn6g1qx+OSyOhBWBac=

function-bind@^1.1.1:
  version "1.1.1"
  resolved "https://registry.yarnpkg.com/function-bind/-/function-bind-1.1.1.tgz#a56899d3ea3c9bab874bb9773b7c5ede92f4895d"
  integrity sha512-yIovAzMX49sF8Yl58fSCWJ5svSLuaibPxXQJFLmBObTuCr0Mf1KiPopGM9NiFjiYBCbfaa2Fh6breQ6ANVTI0A==

get-intrinsic@^1.0.2:
  version "1.1.1"
  resolved "https://registry.yarnpkg.com/get-intrinsic/-/get-intrinsic-1.1.1.tgz#15f59f376f855c446963948f0d24cd3637b4abc6"
  integrity sha512-kWZrnVM42QCiEA2Ig1bG8zjoIMOgxWwYCEeNdwY6Tv/cOSeGpcoX4pXHfKUxNKVoArnrEr2e9srnAxxGIraS9Q==
  dependencies:
    function-bind "^1.1.1"
    has "^1.0.3"
    has-symbols "^1.0.1"

graphql-ez@0.13.5:
  version "0.13.5"
  resolved "https://registry.yarnpkg.com/graphql-ez/-/graphql-ez-0.13.5.tgz#068476aa7c33072d791962ca4f1c4fc6ab2818f6"
  integrity sha512-E0+yoiKOdL3Lhhiym+1D0qWK0wZLatXDRRJwc98ptOvb6c08x/xWYLsBYAwPDy67h1uENYFODZaR4B3p4geZig==
  dependencies:
    "@envelop/core" "^1.6.1"
    "@envelop/types" "^1.5.1"
    "@graphql-ez/utils" "^0.1.2"
    "@pablosz/graphql-helix" "^2.0.3"
    tiny-lru "7.0.6"

has-symbols@^1.0.1:
  version "1.0.2"
  resolved "https://registry.yarnpkg.com/has-symbols/-/has-symbols-1.0.2.tgz#165d3070c00309752a1236a479331e3ac56f1423"
  integrity sha512-chXa79rL/UC2KlX17jo3vRGz0azaWEx5tGqZg5pO3NUyEJVB17dMruQlzCCOfUvElghKcm5194+BCRvi2Rv/Gw==

has@^1.0.3:
  version "1.0.3"
  resolved "https://registry.yarnpkg.com/has/-/has-1.0.3.tgz#722d7cbfc1f6aa8241f16dd814e011e1f41e8796"
  integrity sha512-f2dvO0VU6Oej7RkWJGrehjbzMAjFp5/VKPp5tTpWIV4JHHZK1/BxbFRtf/siA2SWTe09caDmVtYYzWEIbBS4zw==
  dependencies:
    function-bind "^1.1.1"

http-assert@^1.3.0:
  version "1.4.1"
  resolved "https://registry.yarnpkg.com/http-assert/-/http-assert-1.4.1.tgz#c5f725d677aa7e873ef736199b89686cceb37878"
  integrity sha512-rdw7q6GTlibqVVbXr0CKelfV5iY8G2HqEUkhSk297BMbSpSL8crXC+9rjKoMcZZEsksX30le6f/4ul4E28gegw==
  dependencies:
    deep-equal "~1.0.1"
    http-errors "~1.7.2"

http-errors@1.7.3, http-errors@^1.6.3, http-errors@^1.7.3, http-errors@~1.7.2:
  version "1.7.3"
  resolved "https://registry.yarnpkg.com/http-errors/-/http-errors-1.7.3.tgz#6c619e4f9c60308c38519498c14fbb10aacebb06"
  integrity sha512-ZTTX0MWrsQ2ZAhA1cejAwDLycFsd7I7nVtnkT3Ol0aqodaKW+0CTZDQ1uBv5whptCnc8e8HeRRJxRs0kmm/Qfw==
  dependencies:
    depd "~1.1.2"
    inherits "2.0.4"
    setprototypeof "1.1.1"
    statuses ">= 1.5.0 < 2"
    toidentifier "1.0.0"

iconv-lite@0.4.24:
  version "0.4.24"
  resolved "https://registry.yarnpkg.com/iconv-lite/-/iconv-lite-0.4.24.tgz#2022b4b25fbddc21d2f524974a474aafe733908b"
  integrity sha512-v3MXnZAcvnywkTUEZomIActle7RXXeedOR31wwl7VlyoXO4Qi9arvSenNQWne1TcRwhCL1HwLI21bEqdpj8/rA==
  dependencies:
    safer-buffer ">= 2.1.2 < 3"

inflation@^2.0.0:
  version "2.0.0"
  resolved "https://registry.yarnpkg.com/inflation/-/inflation-2.0.0.tgz#8b417e47c28f925a45133d914ca1fd389107f30f"
  integrity sha1-i0F+R8KPklpFEz2RTKH9OJEH8w8=

inherits@2.0.4:
  version "2.0.4"
  resolved "https://registry.yarnpkg.com/inherits/-/inherits-2.0.4.tgz#0fa2c64f932917c3433a0ded55363aae37416b7c"
  integrity sha512-k/vGaX4/Yla3WzyMCvTQOXYeIHvqOKtnqBduzTHpzpQZzAskKMhZ2K+EnBiSM9zGSoIFeMpXKxa4dYeZIQqewQ==

is-generator-function@^1.0.7:
  version "1.0.9"
  resolved "https://registry.yarnpkg.com/is-generator-function/-/is-generator-function-1.0.9.tgz#e5f82c2323673e7fcad3d12858c83c4039f6399c"
  integrity sha512-ZJ34p1uvIfptHCN7sFTjGibB9/oBg17sHqzDLfuwhvmN/qLVvIQXRQ8licZQ35WJ8KuEQt/etnnzQFI9C9Ue/A==

keygrip@~1.1.0:
  version "1.1.0"
  resolved "https://registry.yarnpkg.com/keygrip/-/keygrip-1.1.0.tgz#871b1681d5e159c62a445b0c74b615e0917e7226"
  integrity sha512-iYSchDJ+liQ8iwbSI2QqsQOvqv58eJCEanyJPJi+Khyu8smkcKSFUCbPwzFcL7YVtZ6eONjqRX/38caJ7QjRAQ==
  dependencies:
    tsscmp "1.0.6"

koa-bodyparser@^4.3.0:
  version "4.3.0"
  resolved "https://registry.yarnpkg.com/koa-bodyparser/-/koa-bodyparser-4.3.0.tgz#274c778555ff48fa221ee7f36a9fbdbace22759a"
  integrity sha512-uyV8G29KAGwZc4q/0WUAjH+Tsmuv9ImfBUF2oZVyZtaeo0husInagyn/JH85xMSxM0hEk/mbCII5ubLDuqW/Rw==
  dependencies:
    co-body "^6.0.0"
    copy-to "^2.0.1"

koa-compose@^4.1.0:
  version "4.1.0"
  resolved "https://registry.yarnpkg.com/koa-compose/-/koa-compose-4.1.0.tgz#507306b9371901db41121c812e923d0d67d3e877"
  integrity sha512-8ODW8TrDuMYvXRwra/Kh7/rJo9BtOfPc6qO8eAfC80CnCvSjSl0bkRM24X6/XBBEyj0v1nRUQ1LyOy3dbqOWXw==

koa-convert@^2.0.0:
  version "2.0.0"
  resolved "https://registry.yarnpkg.com/koa-convert/-/koa-convert-2.0.0.tgz#86a0c44d81d40551bae22fee6709904573eea4f5"
  integrity sha512-asOvN6bFlSnxewce2e/DK3p4tltyfC4VM7ZwuTuepI7dEQVcvpyFuBcEARu1+Hxg8DIwytce2n7jrZtRlPrARA==
  dependencies:
    co "^4.6.0"
    koa-compose "^4.1.0"

koa@2.13.4:
  version "2.13.4"
  resolved "https://registry.yarnpkg.com/koa/-/koa-2.13.4.tgz#ee5b0cb39e0b8069c38d115139c774833d32462e"
  integrity sha512-43zkIKubNbnrULWlHdN5h1g3SEKXOEzoAlRsHOTFpnlDu8JlAOZSMJBLULusuXRequboiwJcj5vtYXKB3k7+2g==
  dependencies:
    accepts "^1.3.5"
    cache-content-type "^1.0.0"
    content-disposition "~0.5.2"
    content-type "^1.0.4"
    cookies "~0.8.0"
    debug "^4.3.2"
    delegates "^1.0.0"
    depd "^2.0.0"
    destroy "^1.0.4"
    encodeurl "^1.0.2"
    escape-html "^1.0.3"
    fresh "~0.5.2"
    http-assert "^1.3.0"
    http-errors "^1.6.3"
    is-generator-function "^1.0.7"
    koa-compose "^4.1.0"
    koa-convert "^2.0.0"
    on-finished "^2.3.0"
    only "~0.0.2"
    parseurl "^1.3.2"
    statuses "^1.5.0"
    type-is "^1.6.16"
    vary "^1.1.2"

make-error@^1.1.1:
  version "1.3.6"
  resolved "https://registry.yarnpkg.com/make-error/-/make-error-1.3.6.tgz#2eb2e37ea9b67c4891f684a1394799af484cf7a2"
  integrity sha512-s8UhlNe7vPKomQhC1qFelMokr/Sc3AgNbso3n74mVPA5LTZwkB9NlXf4XPamLxJE8h0gh73rM94xvwRT2CVInw==

media-typer@0.3.0:
  version "0.3.0"
  resolved "https://registry.yarnpkg.com/media-typer/-/media-typer-0.3.0.tgz#8710d7af0aa626f8fffa1ce00168545263255748"
  integrity sha1-hxDXrwqmJvj/+hzgAWhUUmMlV0g=

methods@^1.1.2:
  version "1.1.2"
  resolved "https://registry.yarnpkg.com/methods/-/methods-1.1.2.tgz#5529a4d67654134edcc5266656835b0f851afcee"
  integrity sha1-VSmk1nZUE07cxSZmVoNbD4Ua/O4=

mime-db@1.48.0:
  version "1.48.0"
  resolved "https://registry.yarnpkg.com/mime-db/-/mime-db-1.48.0.tgz#e35b31045dd7eada3aaad537ed88a33afbef2d1d"
  integrity sha512-FM3QwxV+TnZYQ2aRqhlKBMHxk10lTbMt3bBkMAp54ddrNeVSfcQYOOKuGuy3Ddrm38I04If834fOUSq1yzslJQ==

mime-types@^2.1.18, mime-types@~2.1.24:
  version "2.1.31"
  resolved "https://registry.yarnpkg.com/mime-types/-/mime-types-2.1.31.tgz#a00d76b74317c61f9c2db2218b8e9f8e9c5c9e6b"
  integrity sha512-XGZnNzm3QvgKxa8dpzyhFTHmpP3l5YNusmne07VUOXxou9CqUqYa/HBy124RqtVh/O2pECas/MOcsDgpilPOPg==
  dependencies:
    mime-db "1.48.0"

ms@2.1.2:
  version "2.1.2"
  resolved "https://registry.yarnpkg.com/ms/-/ms-2.1.2.tgz#d09d1f357b443f493382a8eb3ccd183872ae6009"
  integrity sha512-sGkPx+VjMtmA6MX27oA4FBFELFCZZ4S4XqeGOXCv68tT+jb3vk/RyaKWP0PTKyWtmLSM0b+adUTEvbs1PEaH2w==

negotiator@0.6.2:
  version "0.6.2"
  resolved "https://registry.yarnpkg.com/negotiator/-/negotiator-0.6.2.tgz#feacf7ccf525a77ae9634436a64883ffeca346fb"
  integrity sha512-hZXc7K2e+PgeI1eDBe/10Ard4ekbfrrqG8Ep+8Jmf4JID2bNg7NvCPOZN+kfF574pFQI7mum2AUqDidoKqcTOw==

object-inspect@^1.9.0:
  version "1.10.3"
  resolved "https://registry.yarnpkg.com/object-inspect/-/object-inspect-1.10.3.tgz#c2aa7d2d09f50c99375704f7a0adf24c5782d369"
  integrity sha512-e5mCJlSH7poANfC8z8S9s9S2IN5/4Zb3aZ33f5s8YqoazCFzNLloLU8r5VCG+G7WoqLvAAZoVMcy3tp/3X0Plw==

on-finished@^2.3.0:
  version "2.3.0"
  resolved "https://registry.yarnpkg.com/on-finished/-/on-finished-2.3.0.tgz#20f1336481b083cd75337992a16971aa2d906947"
  integrity sha1-IPEzZIGwg811M3mSoWlxqi2QaUc=
  dependencies:
    ee-first "1.1.1"

only@~0.0.2:
  version "0.0.2"
  resolved "https://registry.yarnpkg.com/only/-/only-0.0.2.tgz#2afde84d03e50b9a8edc444e30610a70295edfb4"
  integrity sha1-Kv3oTQPlC5qO3EROMGEKcCle37Q=

parseurl@^1.3.2:
  version "1.3.3"
  resolved "https://registry.yarnpkg.com/parseurl/-/parseurl-1.3.3.tgz#9da19e7bee8d12dff0513ed5b76957793bc2e8d4"
  integrity sha512-CiyeOxFT/JZyN5m0z9PfXw4SCBJ6Sygz1Dpl0wqjlhDEGGBP1GnsUVEL0p63hoG1fcj3fHynXi9NYO4nWOL+qQ==

path-to-regexp@^6.1.0:
  version "6.2.0"
  resolved "https://registry.yarnpkg.com/path-to-regexp/-/path-to-regexp-6.2.0.tgz#f7b3803336104c346889adece614669230645f38"
  integrity sha512-f66KywYG6+43afgE/8j/GoiNyygk/bnoCbps++3ErRKsIYkGGupyv07R2Ok5m9i67Iqc+T2g1eAUGUPzWhYTyg==

qs@^6.5.2:
  version "6.10.1"
  resolved "https://registry.yarnpkg.com/qs/-/qs-6.10.1.tgz#4931482fa8d647a5aab799c5271d2133b981fb6a"
  integrity sha512-M528Hph6wsSVOBiYUnGf+K/7w0hNshs/duGsNXPUCLH5XAqjEtiPGwNONLV0tBH8NoGb0mvD5JubnUTrujKDTg==
  dependencies:
    side-channel "^1.0.4"

raw-body@^2.3.3:
  version "2.4.1"
  resolved "https://registry.yarnpkg.com/raw-body/-/raw-body-2.4.1.tgz#30ac82f98bb5ae8c152e67149dac8d55153b168c"
  integrity sha512-9WmIKF6mkvA0SLmA2Knm9+qj89e+j1zqgyn8aXGd7+nAduPoqgI9lO57SAZNn/Byzo5P7JhXTyg9PzaJbH73bA==
  dependencies:
    bytes "3.1.0"
    http-errors "1.7.3"
    iconv-lite "0.4.24"
    unpipe "1.0.0"

safe-buffer@5.1.2:
  version "5.1.2"
  resolved "https://registry.yarnpkg.com/safe-buffer/-/safe-buffer-5.1.2.tgz#991ec69d296e0313747d59bdfd2b745c35f8828d"
  integrity sha512-Gd2UZBJDkXlY7GbJxfsE8/nvKkUEU1G38c1siN6QP6a9PT9MmHB8GnpscSmMJSoF8LOIrt8ud/wPtojys4G6+g==

"safer-buffer@>= 2.1.2 < 3":
  version "2.1.2"
  resolved "https://registry.yarnpkg.com/safer-buffer/-/safer-buffer-2.1.2.tgz#44fa161b0187b9549dd84bb91802f9bd8385cd6a"
  integrity sha512-YZo3K82SD7Riyi0E1EQPojLz7kpepnSQI9IyPbHHg1XXXevb5dJI7tpyN2ADxGcQbHG7vcyRHk0cbwqcQriUtg==

setprototypeof@1.1.1:
  version "1.1.1"
  resolved "https://registry.yarnpkg.com/setprototypeof/-/setprototypeof-1.1.1.tgz#7e95acb24aa92f5885e0abef5ba131330d4ae683"
  integrity sha512-JvdAWfbXeIGaZ9cILp38HntZSFSo3mWg6xGcJJsd+d4aRMOqauag1C63dJfDw7OaMYwEbHMOxEZ1lqVRYP2OAw==

side-channel@^1.0.4:
  version "1.0.4"
  resolved "https://registry.yarnpkg.com/side-channel/-/side-channel-1.0.4.tgz#efce5c8fdc104ee751b25c58d4290011fa5ea2cf"
  integrity sha512-q5XPytqFEIKHkGdiMIrY10mvLRvnQh42/+GoBlFW3b2LXLE2xxJpZFdm94we0BaoV3RwJyGqg5wS7epxTv0Zvw==
  dependencies:
    call-bind "^1.0.0"
    get-intrinsic "^1.0.2"
    object-inspect "^1.9.0"

"statuses@>= 1.5.0 < 2", statuses@^1.5.0:
  version "1.5.0"
  resolved "https://registry.yarnpkg.com/statuses/-/statuses-1.5.0.tgz#161c7dac177659fd9811f43771fa99381478628c"
  integrity sha1-Fhx9rBd2Wf2YEfQ3cfqZOBR4Yow=

tiny-lru@7.0.6:
  version "7.0.6"
  resolved "https://registry.yarnpkg.com/tiny-lru/-/tiny-lru-7.0.6.tgz#b0c3cdede1e5882aa2d1ae21cb2ceccf2a331f24"
  integrity sha512-zNYO0Kvgn5rXzWpL0y3RS09sMK67eGaQj9805jlK9G6pSadfriTczzLHFXa/xcW4mIRfmlB9HyQ/+SgL0V1uow==

toidentifier@1.0.0:
  version "1.0.0"
  resolved "https://registry.yarnpkg.com/toidentifier/-/toidentifier-1.0.0.tgz#7e1be3470f1e77948bc43d94a3c8f4d7752ba553"
  integrity sha512-yaOH/Pk/VEhBWWTlhI+qXxDFXlejDGcQipMlyxda9nthulaxLZUNcUqFxokp0vcYnvteJln5FNQDRrxj3YcbVw==

ts-node@10.4.0:
  version "10.4.0"
  resolved "https://registry.yarnpkg.com/ts-node/-/ts-node-10.4.0.tgz#680f88945885f4e6cf450e7f0d6223dd404895f7"
  integrity sha512-g0FlPvvCXSIO1JDF6S232P5jPYqBkRL9qly81ZgAOSU7rwI0stphCgd2kLiCrU9DjQCrJMWEqcNSjQL02s6d8A==
  dependencies:
    "@cspotcode/source-map-support" "0.7.0"
    "@tsconfig/node10" "^1.0.7"
    "@tsconfig/node12" "^1.0.7"
    "@tsconfig/node14" "^1.0.0"
    "@tsconfig/node16" "^1.0.2"
    acorn "^8.4.1"
    acorn-walk "^8.1.1"
    arg "^4.1.0"
    create-require "^1.1.0"
    diff "^4.0.1"
    make-error "^1.1.1"
    yn "3.1.1"

tsscmp@1.0.6:
  version "1.0.6"
  resolved "https://registry.yarnpkg.com/tsscmp/-/tsscmp-1.0.6.tgz#85b99583ac3589ec4bfef825b5000aa911d605eb"
  integrity sha512-LxhtAkPDTkVCMQjt2h6eBVY28KCjikZqZfMcC15YBeNjkgUpdCfBu5HoiOTDu86v6smE8yOjyEktJ8hlbANHQA==

type-is@^1.6.16:
  version "1.6.18"
  resolved "https://registry.yarnpkg.com/type-is/-/type-is-1.6.18.tgz#4e552cd05df09467dcbc4ef739de89f2cf37c131"
  integrity sha512-TkRKr9sUTxEH8MdfuCSP7VizJyzRNMjj2J2do2Jr3Kym598JVdEksuzPQCnlFPW4ky9Q+iA+ma9BGm06XQBy8g==
  dependencies:
    media-typer "0.3.0"
    mime-types "~2.1.24"

unpipe@1.0.0:
  version "1.0.0"
  resolved "https://registry.yarnpkg.com/unpipe/-/unpipe-1.0.0.tgz#b2bf4ee8514aae6165b4817829d21b2ef49904ec"
  integrity sha1-sr9O6FFKrmFltIF4KdIbLvSZBOw=

vary@^1.1.2:
  version "1.1.2"
  resolved "https://registry.yarnpkg.com/vary/-/vary-1.1.2.tgz#2299f02c6ded30d4a5961b0b9f74524a18f634fc"
  integrity sha1-IpnwLG3tMNSllhsLn3RSShj2NPw=

ylru@^1.2.0:
  version "1.2.1"
  resolved "https://registry.yarnpkg.com/ylru/-/ylru-1.2.1.tgz#f576b63341547989c1de7ba288760923b27fe84f"
  integrity sha512-faQrqNMzcPCHGVC2aaOINk13K+aaBDUPjGWl0teOXywElLjyVAB6Oe2jj62jHYtwsU49jXhScYbvPENK+6zAvQ==

yn@3.1.1:
  version "3.1.1"
  resolved "https://registry.yarnpkg.com/yn/-/yn-3.1.1.tgz#1e87401a09d767c1d5eab26a6e4c185182d2eb50"
  integrity sha512-Ux4ygGWsu2c7isFWe8Yu1YluJmqVhxqK2cLXNQA5AcC3QfbGNpM7fu0Y8b/z16pXLnFxZYvWhd3fhBY9DLmC6Q==
